
Microsoft Visual Studio Solution File, Format Version 12.00
Project("{FAE04EC0-301F-11D3-BF4B-00C04F79EFBC}") = "BookService", "BookService\BookService.csproj", "{1CEECC23-0F26-4070-B4AC-B8A85A159300}"
EndProject
Global
	GlobalSection(SolutionConfigurationPlatforms) = preSolution
		Debug|Any CPU = Debug|Any CPU
		Release|Any CPU = Release|Any CPU
	EndGlobalSection
	GlobalSection(ProjectConfigurationPlatforms) = postSolution
		{1CEECC23-0F26-4070-B4AC-B8A85A159300}.Debug|Any CPU.ActiveCfg = Debug|Any CPU
		{1CEECC23-0F26-4070-B4AC-B8A85A159300}.Debug|Any CPU.Build.0 = Debug|Any CPU
		{1CEECC23-0F26-4070-B4AC-B8A85A159300}.Release|Any CPU.ActiveCfg = Release|Any CPU
		{1CEECC23-0F26-4070-B4AC-B8A85A159300}.Release|Any CPU.Build.0 = Release|Any CPU
	EndGlobalSection
EndGlobal
